{
  "object": {
    "pins": [
      {
        "package": "StreamChat",
        "repositoryURL": "https://github.com/GetStream/stream-chat-swift-spm.git",
        "state": {
          "branch": null,
          "revision": "fa2b3fb2edeb1685138fda6c5a4025b88b1d5be8",
          "version": "4.10.0"
        }
      }
    ]
  },
  "version": 1
}
