PODS:
  - StreamChat (4.28.0)
  - StreamChatUI (4.28.0):
    - StreamChat (= 4.28.0)

DEPENDENCIES:
  - StreamChatUI

SPEC REPOS:
  trunk:
    - StreamChat
    - StreamChatUI

SPEC CHECKSUMS:
  StreamChat: de49c20a136e3d721c31348e6b46eb71a4c0337c
  StreamChatUI: 7f7140105036788b780e54b8391dd8ca37182f8c

PODFILE CHECKSUM: 00f05d8b92e06b80e9bab6773742f1f71d119503

COCOAPODS: 1.11.3
