PODS:
  - StreamChat (4.7.0)
  - StreamChatUI (4.7.0):
    - StreamChat (= 4.7.0)

DEPENDENCIES:
  - StreamChatUI

SPEC REPOS:
  trunk:
    - StreamChat
    - StreamChatUI

SPEC CHECKSUMS:
  StreamChat: a2d41e6ef9364c1153ee0eb290adfa7f39a9ba47
  StreamChatUI: c92724df1160ab0686ccd131b3f101acc7a9cec9

PODFILE CHECKSUM: 00f05d8b92e06b80e9bab6773742f1f71d119503

COCOAPODS: 1.11.2
