PODS:
  - StreamChat (4.35.1)
  - StreamChatUI (4.35.1):
    - StreamChat (= 4.35.1)

DEPENDENCIES:
  - StreamChatUI (= 4.35.1)

SPEC REPOS:
  trunk:
    - StreamChat
    - StreamChatUI

SPEC CHECKSUMS:
  StreamChat: eb4224aedcecce0c738db9eb0c2b3a621061c998
  StreamChatUI: be3fd4e8e926f83a237780c4da10eff8667e9da4

PODFILE CHECKSUM: 95bb6051a6151826baa9e59d0f412b2436b21030

COCOAPODS: 1.12.1
