{
  "object": {
    "pins": [
      {
        "package": "StreamChat",
        "repositoryURL": "https://github.com/GetStream/stream-chat-swift.git",
        "state": {
          "branch": null,
          "revision": "c0a435a7cdce7959d65178c7c78ffc1a6e05227b",
          "version": "4.7.0"
        }
      }
    ]
  },
  "version": 1
}
