{
  "object": {
    "pins": [
      {
        "package": "StreamChat",
        "repositoryURL": "https://github.com/GetStream/stream-chat-swift.git",
        "state": {
          "branch": null,
          "revision": "136286b3ffc874a8d4f52d93719f38e9706dab4b",
          "version": "4.10.1"
        }
      }
    ]
  },
  "version": 1
}
