// !$*UTF8*$!
{
	archiveVersion = 1;
	classes = {
	};
	objectVersion = 55;
	objects = {

/* Begin PBXBuildFile section */
		A32B6D99286998D6002B1312 /* PushNotifications.swift in Sources */ = {isa = PBXBuildFile; fileRef = A32B6D96286998D6002B1312 /* PushNotifications.swift */; };
		A32B6D9A286998D6002B1312 /* StreamChatWrapper.swift in Sources */ = {isa = PBXBuildFile; fileRef = A32B6D98286998D6002B1312 /* StreamChatWrapper.swift */; };
		A35388E727720F2B00805A73 /* StreamChat in Frameworks */ = {isa = PBXBuildFile; productRef = A35388E627720F2B00805A73 /* StreamChat */; };
		A35388E927720F2B00805A73 /* StreamChatUI in Frameworks */ = {isa = PBXBuildFile; productRef = A35388E827720F2B00805A73 /* StreamChatUI */; };
		A384B75627722CD30004670F /* Assets.xcassets in Resources */ = {isa = PBXBuildFile; fileRef = A384B74E27722CD30004670F /* Assets.xcassets */; };
		A384B75727722CD30004670F /* User.swift in Sources */ = {isa = PBXBuildFile; fileRef = A384B74F27722CD30004670F /* User.swift */; };
		A384B75827722CD30004670F /* LaunchScreen.storyboard in Resources */ = {isa = PBXBuildFile; fileRef = A384B75027722CD30004670F /* LaunchScreen.storyboard */; };
		A384B75927722CD30004670F /* AppDelegate.swift in Sources */ = {isa = PBXBuildFile; fileRef = A384B75227722CD30004670F /* AppDelegate.swift */; };
/* End PBXBuildFile section */

/* Begin PBXFileReference section */
		A32B6D96286998D6002B1312 /* PushNotifications.swift */ = {isa = PBXFileReference; fileEncoding = 4; lastKnownFileType = sourcecode.swift; path = PushNotifications.swift; sourceTree = "<group>"; };
		A32B6D98286998D6002B1312 /* StreamChatWrapper.swift */ = {isa = PBXFileReference; fileEncoding = 4; lastKnownFileType = sourcecode.swift; path = StreamChatWrapper.swift; sourceTree = "<group>"; };
		A368F8E7276CD7E1006A9A50 /* StreamChatIntegration-XC-SPM.app */ = {isa = PBXFileReference; explicitFileType = wrapper.application; includeInIndex = 0; path = "StreamChatIntegration-XC-SPM.app"; sourceTree = BUILT_PRODUCTS_DIR; };
		A384B74E27722CD30004670F /* Assets.xcassets */ = {isa = PBXFileReference; lastKnownFileType = folder.assetcatalog; path = Assets.xcassets; sourceTree = "<group>"; };
		A384B74F27722CD30004670F /* User.swift */ = {isa = PBXFileReference; fileEncoding = 4; lastKnownFileType = sourcecode.swift; path = User.swift; sourceTree = "<group>"; };
		A384B75127722CD30004670F /* Base */ = {isa = PBXFileReference; lastKnownFileType = file.storyboard; name = Base; path = Base.lproj/LaunchScreen.storyboard; sourceTree = "<group>"; };
		A384B75227722CD30004670F /* AppDelegate.swift */ = {isa = PBXFileReference; fileEncoding = 4; lastKnownFileType = sourcecode.swift; path = AppDelegate.swift; sourceTree = "<group>"; };
		A384B75327722CD30004670F /* Info.plist */ = {isa = PBXFileReference; fileEncoding = 4; lastKnownFileType = text.plist.xml; path = Info.plist; sourceTree = "<group>"; };
/* End PBXFileReference section */

/* Begin PBXFrameworksBuildPhase section */
		A368F8E4276CD7E1006A9A50 /* Frameworks */ = {
			isa = PBXFrameworksBuildPhase;
			buildActionMask = 2147483647;
			files = (
				A35388E927720F2B00805A73 /* StreamChatUI in Frameworks */,
				A35388E727720F2B00805A73 /* StreamChat in Frameworks */,
			);
			runOnlyForDeploymentPostprocessing = 0;
		};
/* End PBXFrameworksBuildPhase section */

/* Begin PBXGroup section */
		A32B6D97286998D6002B1312 /* StreamChat */ = {
			isa = PBXGroup;
			children = (
				A32B6D98286998D6002B1312 /* StreamChatWrapper.swift */,
			);
			path = StreamChat;
			sourceTree = "<group>";
		};
		A368F8DE276CD7E1006A9A50 = {
			isa = PBXGroup;
			children = (
				A368F8E8276CD7E1006A9A50 /* Products */,
				A384B74B27722CD30004670F /* StreamChatIntegrationSource */,
			);
			sourceTree = "<group>";
		};
		A368F8E8276CD7E1006A9A50 /* Products */ = {
			isa = PBXGroup;
			children = (
				A368F8E7276CD7E1006A9A50 /* StreamChatIntegration-XC-SPM.app */,
			);
			name = Products;
			sourceTree = "<group>";
		};
		A384B74B27722CD30004670F /* StreamChatIntegrationSource */ = {
			isa = PBXGroup;
			children = (
				A384B75327722CD30004670F /* Info.plist */,
				A384B75227722CD30004670F /* AppDelegate.swift */,
				A32B6D96286998D6002B1312 /* PushNotifications.swift */,
				A384B74F27722CD30004670F /* User.swift */,
				A384B74E27722CD30004670F /* Assets.xcassets */,
				A384B75027722CD30004670F /* LaunchScreen.storyboard */,
				A32B6D97286998D6002B1312 /* StreamChat */,
			);
			name = StreamChatIntegrationSource;
			path = ../StreamChatIntegrationSource;
			sourceTree = "<group>";
		};
/* End PBXGroup section */

/* Begin PBXNativeTarget section */
		A368F8E6276CD7E1006A9A50 /* StreamChatIntegration-XC-SPM */ = {
			isa = PBXNativeTarget;
			buildConfigurationList = A368F8FB276CD7E2006A9A50 /* Build configuration list for PBXNativeTarget "StreamChatIntegration-XC-SPM" */;
			buildPhases = (
				A368F8E3276CD7E1006A9A50 /* Sources */,
				A368F8E4276CD7E1006A9A50 /* Frameworks */,
				A368F8E5276CD7E1006A9A50 /* Resources */,
			);
			buildRules = (
			);
			dependencies = (
			);
			name = "StreamChatIntegration-XC-SPM";
			packageProductDependencies = (
				A35388E627720F2B00805A73 /* StreamChat */,
				A35388E827720F2B00805A73 /* StreamChatUI */,
			);
			productName = "StreamChatIntegration-XC-SPM";
			productReference = A368F8E7276CD7E1006A9A50 /* StreamChatIntegration-XC-SPM.app */;
			productType = "com.apple.product-type.application";
		};
/* End PBXNativeTarget section */

/* Begin PBXProject section */
		A368F8DF276CD7E1006A9A50 /* Project object */ = {
			isa = PBXProject;
			attributes = {
				BuildIndependentTargetsInParallel = 1;
				LastSwiftUpdateCheck = 1320;
				LastUpgradeCheck = 1340;
				TargetAttributes = {
					A368F8E6276CD7E1006A9A50 = {
						CreatedOnToolsVersion = 13.2;
					};
				};
			};
			buildConfigurationList = A368F8E2276CD7E1006A9A50 /* Build configuration list for PBXProject "StreamChatIntegration-XC-SPM" */;
			compatibilityVersion = "Xcode 13.0";
			developmentRegion = en;
			hasScannedForEncodings = 0;
			knownRegions = (
				en,
				Base,
			);
			mainGroup = A368F8DE276CD7E1006A9A50;
			packageReferences = (
				A35388E527720F2B00805A73 /* XCRemoteSwiftPackageReference "stream-chat-swift-spm" */,
			);
			productRefGroup = A368F8E8276CD7E1006A9A50 /* Products */;
			projectDirPath = "";
			projectRoot = "";
			targets = (
				A368F8E6276CD7E1006A9A50 /* StreamChatIntegration-XC-SPM */,
			);
		};
/* End PBXProject section */

/* Begin PBXResourcesBuildPhase section */
		A368F8E5276CD7E1006A9A50 /* Resources */ = {
			isa = PBXResourcesBuildPhase;
			buildActionMask = 2147483647;
			files = (
				A384B75627722CD30004670F /* Assets.xcassets in Resources */,
				A384B75827722CD30004670F /* LaunchScreen.storyboard in Resources */,
			);
			runOnlyForDeploymentPostprocessing = 0;
		};
/* End PBXResourcesBuildPhase section */

/* Begin PBXSourcesBuildPhase section */
		A368F8E3276CD7E1006A9A50 /* Sources */ = {
			isa = PBXSourcesBuildPhase;
			buildActionMask = 2147483647;
			files = (
				A384B75927722CD30004670F /* AppDelegate.swift in Sources */,
				A384B75727722CD30004670F /* User.swift in Sources */,
				A32B6D99286998D6002B1312 /* PushNotifications.swift in Sources */,
				A32B6D9A286998D6002B1312 /* StreamChatWrapper.swift in Sources */,
			);
			runOnlyForDeploymentPostprocessing = 0;
		};
/* End PBXSourcesBuildPhase section */

/* Begin PBXVariantGroup section */
		A384B75027722CD30004670F /* LaunchScreen.storyboard */ = {
			isa = PBXVariantGroup;
			children = (
				A384B75127722CD30004670F /* Base */,
			);
			name = LaunchScreen.storyboard;
			sourceTree = "<group>";
		};
/* End PBXVariantGroup section */

/* Begin XCBuildConfiguration section */
		A368F8F9276CD7E2006A9A50 /* Debug */ = {
			isa = XCBuildConfiguration;
			buildSettings = {
				ALWAYS_SEARCH_USER_PATHS = NO;
				CLANG_ANALYZER_NONNULL = YES;
				CLANG_ANALYZER_NUMBER_OBJECT_CONVERSION = YES_AGGRESSIVE;
				CLANG_CXX_LANGUAGE_STANDARD = "gnu++17";
				CLANG_CXX_LIBRARY = "libc++";
				CLANG_ENABLE_MODULES = YES;
				CLANG_ENABLE_OBJC_ARC = YES;
				CLANG_ENABLE_OBJC_WEAK = YES;
				CLANG_WARN_BLOCK_CAPTURE_AUTORELEASING = YES;
				CLANG_WARN_BOOL_CONVERSION = YES;
				CLANG_WARN_COMMA = YES;
				CLANG_WARN_CONSTANT_CONVERSION = YES;
				CLANG_WARN_DEPRECATED_OBJC_IMPLEMENTATIONS = YES;
				CLANG_WARN_DIRECT_OBJC_ISA_USAGE = YES_ERROR;
				CLANG_WARN_DOCUMENTATION_COMMENTS = YES;
				CLANG_WARN_EMPTY_BODY = YES;
				CLANG_WARN_ENUM_CONVERSION = YES;
				CLANG_WARN_INFINITE_RECURSION = YES;
				CLANG_WARN_INT_CONVERSION = YES;
				CLANG_WARN_NON_LITERAL_NULL_CONVERSION = YES;
				CLANG_WARN_OBJC_IMPLICIT_RETAIN_SELF = YES;
				CLANG_WARN_OBJC_LITERAL_CONVERSION = YES;
				CLANG_WARN_OBJC_ROOT_CLASS = YES_ERROR;
				CLANG_WARN_QUOTED_INCLUDE_IN_FRAMEWORK_HEADER = YES;
				CLANG_WARN_RANGE_LOOP_ANALYSIS = YES;
				CLANG_WARN_STRICT_PROTOTYPES = YES;
				CLANG_WARN_SUSPICIOUS_MOVE = YES;
				CLANG_WARN_UNGUARDED_AVAILABILITY = YES_AGGRESSIVE;
				CLANG_WARN_UNREACHABLE_CODE = YES;
				CLANG_WARN__DUPLICATE_METHOD_MATCH = YES;
				COPY_PHASE_STRIP = NO;
				DEBUG_INFORMATION_FORMAT = dwarf;
				ENABLE_STRICT_OBJC_MSGSEND = YES;
				ENABLE_TESTABILITY = YES;
				GCC_C_LANGUAGE_STANDARD = gnu11;
				GCC_DYNAMIC_NO_PIC = NO;
				GCC_NO_COMMON_BLOCKS = YES;
				GCC_OPTIMIZATION_LEVEL = 0;
				GCC_PREPROCESSOR_DEFINITIONS = (
					"DEBUG=1",
					"$(inherited)",
				);
				GCC_WARN_64_TO_32_BIT_CONVERSION = YES;
				GCC_WARN_ABOUT_RETURN_TYPE = YES_ERROR;
				GCC_WARN_UNDECLARED_SELECTOR = YES;
				GCC_WARN_UNINITIALIZED_AUTOS = YES_AGGRESSIVE;
				GCC_WARN_UNUSED_FUNCTION = YES;
				GCC_WARN_UNUSED_VARIABLE = YES;
				IPHONEOS_DEPLOYMENT_TARGET = 15.2;
				MTL_ENABLE_DEBUG_INFO = INCLUDE_SOURCE;
				MTL_FAST_MATH = YES;
				ONLY_ACTIVE_ARCH = YES;
				SDKROOT = iphoneos;
				SWIFT_ACTIVE_COMPILATION_CONDITIONS = DEBUG;
				SWIFT_OPTIMIZATION_LEVEL = "-Onone";
			};
			name = Debug;
		};
		A368F8FA276CD7E2006A9A50 /* Release */ = {
			isa = XCBuildConfiguration;
			buildSettings = {
				ALWAYS_SEARCH_USER_PATHS = NO;
				CLANG_ANALYZER_NONNULL = YES;
				CLANG_ANALYZER_NUMBER_OBJECT_CONVERSION = YES_AGGRESSIVE;
				CLANG_CXX_LANGUAGE_STANDARD = "gnu++17";
				CLANG_CXX_LIBRARY = "libc++";
				CLANG_ENABLE_MODULES = YES;
				CLANG_ENABLE_OBJC_ARC = YES;
				CLANG_ENABLE_OBJC_WEAK = YES;
				CLANG_WARN_BLOCK_CAPTURE_AUTORELEASING = YES;
				CLANG_WARN_BOOL_CONVERSION = YES;
				CLANG_WARN_COMMA = YES;
				CLANG_WARN_CONSTANT_CONVERSION = YES;
				CLANG_WARN_DEPRECATED_OBJC_IMPLEMENTATIONS = YES;
				CLANG_WARN_DIRECT_OBJC_ISA_USAGE = YES_ERROR;
				CLANG_WARN_DOCUMENTATION_COMMENTS = YES;
				CLANG_WARN_EMPTY_BODY = YES;
				CLANG_WARN_ENUM_CONVERSION = YES;
				CLANG_WARN_INFINITE_RECURSION = YES;
				CLANG_WARN_INT_CONVERSION = YES;
				CLANG_WARN_NON_LITERAL_NULL_CONVERSION = YES;
				CLANG_WARN_OBJC_IMPLICIT_RETAIN_SELF = YES;
				CLANG_WARN_OBJC_LITERAL_CONVERSION = YES;
				CLANG_WARN_OBJC_ROOT_CLASS = YES_ERROR;
				CLANG_WARN_QUOTED_INCLUDE_IN_FRAMEWORK_HEADER = YES;
				CLANG_WARN_RANGE_LOOP_ANALYSIS = YES;
				CLANG_WARN_STRICT_PROTOTYPES = YES;
				CLANG_WARN_SUSPICIOUS_MOVE = YES;
				CLANG_WARN_UNGUARDED_AVAILABILITY = YES_AGGRESSIVE;
				CLANG_WARN_UNREACHABLE_CODE = YES;
				CLANG_WARN__DUPLICATE_METHOD_MATCH = YES;
				COPY_PHASE_STRIP = NO;
				DEBUG_INFORMATION_FORMAT = "dwarf-with-dsym";
				ENABLE_NS_ASSERTIONS = NO;
				ENABLE_STRICT_OBJC_MSGSEND = YES;
				GCC_C_LANGUAGE_STANDARD = gnu11;
				GCC_NO_COMMON_BLOCKS = YES;
				GCC_WARN_64_TO_32_BIT_CONVERSION = YES;
				GCC_WARN_ABOUT_RETURN_TYPE = YES_ERROR;
				GCC_WARN_UNDECLARED_SELECTOR = YES;
				GCC_WARN_UNINITIALIZED_AUTOS = YES_AGGRESSIVE;
				GCC_WARN_UNUSED_FUNCTION = YES;
				GCC_WARN_UNUSED_VARIABLE = YES;
				IPHONEOS_DEPLOYMENT_TARGET = 15.2;
				MTL_ENABLE_DEBUG_INFO = NO;
				MTL_FAST_MATH = YES;
				SDKROOT = iphoneos;
				SWIFT_COMPILATION_MODE = wholemodule;
				SWIFT_OPTIMIZATION_LEVEL = "-O";
				VALIDATE_PRODUCT = YES;
			};
			name = Release;
		};
		A368F8FC276CD7E2006A9A50 /* Debug */ = {
			isa = XCBuildConfiguration;
			buildSettings = {
				ASSETCATALOG_COMPILER_APPICON_NAME = AppIcon;
				ASSETCATALOG_COMPILER_GLOBAL_ACCENT_COLOR_NAME = AccentColor;
				CODE_SIGN_STYLE = Automatic;
				CURRENT_PROJECT_VERSION = 1;
				DEVELOPMENT_TEAM = EHV7XZLAHA;
				GENERATE_INFOPLIST_FILE = YES;
				INFOPLIST_FILE = ../StreamChatIntegrationSource/Info.plist;
				INFOPLIST_KEY_UIApplicationSupportsIndirectInputEvents = YES;
				INFOPLIST_KEY_UILaunchStoryboardName = LaunchScreen;
				INFOPLIST_KEY_UISupportedInterfaceOrientations_iPad = "UIInterfaceOrientationPortrait UIInterfaceOrientationPortraitUpsideDown UIInterfaceOrientationLandscapeLeft UIInterfaceOrientationLandscapeRight";
				INFOPLIST_KEY_UISupportedInterfaceOrientations_iPhone = "UIInterfaceOrientationPortrait UIInterfaceOrientationLandscapeLeft UIInterfaceOrientationLandscapeRight";
				IPHONEOS_DEPLOYMENT_TARGET = 11.0;
				LD_RUNPATH_SEARCH_PATHS = (
					"$(inherited)",
					"@executable_path/Frameworks",
				);
				MARKETING_VERSION = 1.0;
				PRODUCT_BUNDLE_IDENTIFIER = "io.getstream.iOS.StreamChatIntegration-Carthage.StreamChatIntegration-XC-SPM";
				PRODUCT_NAME = "$(TARGET_NAME)";
				SWIFT_EMIT_LOC_STRINGS = YES;
				SWIFT_VERSION = 5.0;
				TARGETED_DEVICE_FAMILY = "1,2";
			};
			name = Debug;
		};
		A368F8FD276CD7E2006A9A50 /* Release */ = {
			isa = XCBuildConfiguration;
			buildSettings = {
				ASSETCATALOG_COMPILER_APPICON_NAME = AppIcon;
				ASSETCATALOG_COMPILER_GLOBAL_ACCENT_COLOR_NAME = AccentColor;
				CODE_SIGN_STYLE = Automatic;
				CURRENT_PROJECT_VERSION = 1;
				DEVELOPMENT_TEAM = EHV7XZLAHA;
				GENERATE_INFOPLIST_FILE = YES;
				INFOPLIST_FILE = ../StreamChatIntegrationSource/Info.plist;
				INFOPLIST_KEY_UIApplicationSupportsIndirectInputEvents = YES;
				INFOPLIST_KEY_UILaunchStoryboardName = LaunchScreen;
				INFOPLIST_KEY_UISupportedInterfaceOrientations_iPad = "UIInterfaceOrientationPortrait UIInterfaceOrientationPortraitUpsideDown UIInterfaceOrientationLandscapeLeft UIInterfaceOrientationLandscapeRight";
				INFOPLIST_KEY_UISupportedInterfaceOrientations_iPhone = "UIInterfaceOrientationPortrait UIInterfaceOrientationLandscapeLeft UIInterfaceOrientationLandscapeRight";
				IPHONEOS_DEPLOYMENT_TARGET = 11.0;
				LD_RUNPATH_SEARCH_PATHS = (
					"$(inherited)",
					"@executable_path/Frameworks",
				);
				MARKETING_VERSION = 1.0;
				PRODUCT_BUNDLE_IDENTIFIER = "io.getstream.iOS.StreamChatIntegration-Carthage.StreamChatIntegration-XC-SPM";
				PRODUCT_NAME = "$(TARGET_NAME)";
				SWIFT_EMIT_LOC_STRINGS = YES;
				SWIFT_VERSION = 5.0;
				TARGETED_DEVICE_FAMILY = "1,2";
			};
			name = Release;
		};
/* End XCBuildConfiguration section */

/* Begin XCConfigurationList section */
		A368F8E2276CD7E1006A9A50 /* Build configuration list for PBXProject "StreamChatIntegration-XC-SPM" */ = {
			isa = XCConfigurationList;
			buildConfigurations = (
				A368F8F9276CD7E2006A9A50 /* Debug */,
				A368F8FA276CD7E2006A9A50 /* Release */,
			);
			defaultConfigurationIsVisible = 0;
			defaultConfigurationName = Release;
		};
		A368F8FB276CD7E2006A9A50 /* Build configuration list for PBXNativeTarget "StreamChatIntegration-XC-SPM" */ = {
			isa = XCConfigurationList;
			buildConfigurations = (
				A368F8FC276CD7E2006A9A50 /* Debug */,
				A368F8FD276CD7E2006A9A50 /* Release */,
			);
			defaultConfigurationIsVisible = 0;
			defaultConfigurationName = Release;
		};
/* End XCConfigurationList section */

/* Begin XCRemoteSwiftPackageReference section */
		A35388E527720F2B00805A73 /* XCRemoteSwiftPackageReference "stream-chat-swift-spm" */ = {
			isa = XCRemoteSwiftPackageReference;
			repositoryURL = "https://github.com/GetStream/stream-chat-swift-spm.git";
			requirement = {
				kind = exactVersion;
				version = '4.35.1';
			};
		};
/* End XCRemoteSwiftPackageReference section */

/* Begin XCSwiftPackageProductDependency section */
		A35388E627720F2B00805A73 /* StreamChat */ = {
			isa = XCSwiftPackageProductDependency;
			package = A35388E527720F2B00805A73 /* XCRemoteSwiftPackageReference "stream-chat-swift-spm" */;
			productName = StreamChat;
		};
		A35388E827720F2B00805A73 /* StreamChatUI */ = {
			isa = XCSwiftPackageProductDependency;
			package = A35388E527720F2B00805A73 /* XCRemoteSwiftPackageReference "stream-chat-swift-spm" */;
			productName = StreamChatUI;
		};
/* End XCSwiftPackageProductDependency section */
	};
	rootObject = A368F8DF276CD7E1006A9A50 /* Project object */;
}
