{
  "object": {
    "pins": [
      {
        "package": "StreamChat",
        "repositoryURL": "https://github.com/GetStream/stream-chat-swift-spm.git",
        "state": {
          "branch": null,
          "revision": "95350af88585ab688d31f42137de3308f72608ed",
          "version": "4.6.0"
        }
      }
    ]
  },
  "version": 1
}
