{
  "pins" : [
    {
      "identity" : "stream-chat-swift-spm",
      "kind" : "remoteSourceControl",
      "location" : "https://github.com/GetStream/stream-chat-swift-spm.git",
      "state" : {
        "revision" : "1278d7f7551f0d64bcb6221e3a85992520343696",
        "version" : "4.15.1"
      }
    }
  ],
  "version" : 2
}
