{
  "object": {
    "pins": [
      {
        "package": "StreamChat",
        "repositoryURL": "https://github.com/GetStream/stream-chat-swift-spm.git",
        "state": {
          "branch": null,
          "revision": "e49983778f794988453660730bb4c05e99fa050a",
          "version": "4.10.1"
        }
      }
    ]
  },
  "version": 1
}
