// !$*UTF8*$!
{
	archiveVersion = 1;
	classes = {
	};
	objectVersion = 55;
	objects = {

/* Begin PBXBuildFile section */
		2FFC63C5A3C91A4CA9DA5966 /* libPods-StreamChatIntegration-XC-CocoaPods.a in Frameworks */ = {isa = PBXBuildFile; fileRef = 45AB2E78012FE753F43BAE4D /* libPods-StreamChatIntegration-XC-CocoaPods.a */; };
		A368F977276CE3B3006A9A50 /* ChannelListVC.swift in Sources */ = {isa = PBXBuildFile; fileRef = A368F96F276CE3B3006A9A50 /* ChannelListVC.swift */; };
		A368F978276CE3B3006A9A50 /* ChatClient+shared.swift in Sources */ = {isa = PBXBuildFile; fileRef = A368F970276CE3B3006A9A50 /* ChatClient+shared.swift */; };
		A368F979276CE3B3006A9A50 /* Assets.xcassets in Resources */ = {isa = PBXBuildFile; fileRef = A368F971276CE3B3006A9A50 /* Assets.xcassets */; };
		A368F97A276CE3B3006A9A50 /* User.swift in Sources */ = {isa = PBXBuildFile; fileRef = A368F972276CE3B3006A9A50 /* User.swift */; };
		A368F97B276CE3B3006A9A50 /* LaunchScreen.storyboard in Resources */ = {isa = PBXBuildFile; fileRef = A368F973276CE3B3006A9A50 /* LaunchScreen.storyboard */; };
		A368F97C276CE3B3006A9A50 /* AppDelegate.swift in Sources */ = {isa = PBXBuildFile; fileRef = A368F975276CE3B3006A9A50 /* AppDelegate.swift */; };
/* End PBXBuildFile section */

/* Begin PBXFileReference section */
		16670F33D7FAB28812A0BB07 /* Pods-StreamChatIntegration-XC-CocoaPods.release.xcconfig */ = {isa = PBXFileReference; includeInIndex = 1; lastKnownFileType = text.xcconfig; name = "Pods-StreamChatIntegration-XC-CocoaPods.release.xcconfig"; path = "Target Support Files/Pods-StreamChatIntegration-XC-CocoaPods/Pods-StreamChatIntegration-XC-CocoaPods.release.xcconfig"; sourceTree = "<group>"; };
		45AB2E78012FE753F43BAE4D /* libPods-StreamChatIntegration-XC-CocoaPods.a */ = {isa = PBXFileReference; explicitFileType = archive.ar; includeInIndex = 0; path = "libPods-StreamChatIntegration-XC-CocoaPods.a"; sourceTree = BUILT_PRODUCTS_DIR; };
		65C844AB0A2B9C5E4B8B8B65 /* Pods-StreamChatIntegration-XC-CocoaPods.debug.xcconfig */ = {isa = PBXFileReference; includeInIndex = 1; lastKnownFileType = text.xcconfig; name = "Pods-StreamChatIntegration-XC-CocoaPods.debug.xcconfig"; path = "Target Support Files/Pods-StreamChatIntegration-XC-CocoaPods/Pods-StreamChatIntegration-XC-CocoaPods.debug.xcconfig"; sourceTree = "<group>"; };
		A368F917276CE171006A9A50 /* StreamChatIntegration-XC-CocoaPods.app */ = {isa = PBXFileReference; explicitFileType = wrapper.application; includeInIndex = 0; path = "StreamChatIntegration-XC-CocoaPods.app"; sourceTree = BUILT_PRODUCTS_DIR; };
		A368F96F276CE3B3006A9A50 /* ChannelListVC.swift */ = {isa = PBXFileReference; fileEncoding = 4; lastKnownFileType = sourcecode.swift; path = ChannelListVC.swift; sourceTree = "<group>"; };
		A368F970276CE3B3006A9A50 /* ChatClient+shared.swift */ = {isa = PBXFileReference; fileEncoding = 4; lastKnownFileType = sourcecode.swift; path = "ChatClient+shared.swift"; sourceTree = "<group>"; };
		A368F971276CE3B3006A9A50 /* Assets.xcassets */ = {isa = PBXFileReference; lastKnownFileType = folder.assetcatalog; path = Assets.xcassets; sourceTree = "<group>"; };
		A368F972276CE3B3006A9A50 /* User.swift */ = {isa = PBXFileReference; fileEncoding = 4; lastKnownFileType = sourcecode.swift; path = User.swift; sourceTree = "<group>"; };
		A368F974276CE3B3006A9A50 /* Base */ = {isa = PBXFileReference; lastKnownFileType = file.storyboard; name = Base; path = Base.lproj/LaunchScreen.storyboard; sourceTree = "<group>"; };
		A368F975276CE3B3006A9A50 /* AppDelegate.swift */ = {isa = PBXFileReference; fileEncoding = 4; lastKnownFileType = sourcecode.swift; path = AppDelegate.swift; sourceTree = "<group>"; };
		A368F976276CE3B3006A9A50 /* Info.plist */ = {isa = PBXFileReference; fileEncoding = 4; lastKnownFileType = text.plist.xml; path = Info.plist; sourceTree = "<group>"; };
/* End PBXFileReference section */

/* Begin PBXFrameworksBuildPhase section */
		A368F914276CE171006A9A50 /* Frameworks */ = {
			isa = PBXFrameworksBuildPhase;
			buildActionMask = 2147483647;
			files = (
				2FFC63C5A3C91A4CA9DA5966 /* libPods-StreamChatIntegration-XC-CocoaPods.a in Frameworks */,
			);
			runOnlyForDeploymentPostprocessing = 0;
		};
/* End PBXFrameworksBuildPhase section */

/* Begin PBXGroup section */
		A368F90E276CE171006A9A50 = {
			isa = PBXGroup;
			children = (
				A368F96E276CE3B3006A9A50 /* StreamChatIntegrationSource */,
				A368F918276CE171006A9A50 /* Products */,
				F6A2D6D9114D1E389F35EAE1 /* Pods */,
				D3D1A49A8ADAD9477F47DF79 /* Frameworks */,
			);
			sourceTree = "<group>";
		};
		A368F918276CE171006A9A50 /* Products */ = {
			isa = PBXGroup;
			children = (
				A368F917276CE171006A9A50 /* StreamChatIntegration-XC-CocoaPods.app */,
			);
			name = Products;
			sourceTree = "<group>";
		};
		A368F96E276CE3B3006A9A50 /* StreamChatIntegrationSource */ = {
			isa = PBXGroup;
			children = (
				A368F96F276CE3B3006A9A50 /* ChannelListVC.swift */,
				A368F970276CE3B3006A9A50 /* ChatClient+shared.swift */,
				A368F971276CE3B3006A9A50 /* Assets.xcassets */,
				A368F972276CE3B3006A9A50 /* User.swift */,
				A368F973276CE3B3006A9A50 /* LaunchScreen.storyboard */,
				A368F975276CE3B3006A9A50 /* AppDelegate.swift */,
				A368F976276CE3B3006A9A50 /* Info.plist */,
			);
			name = StreamChatIntegrationSource;
			path = ../StreamChatIntegrationSource;
			sourceTree = "<group>";
		};
		D3D1A49A8ADAD9477F47DF79 /* Frameworks */ = {
			isa = PBXGroup;
			children = (
				45AB2E78012FE753F43BAE4D /* libPods-StreamChatIntegration-XC-CocoaPods.a */,
			);
			name = Frameworks;
			sourceTree = "<group>";
		};
		F6A2D6D9114D1E389F35EAE1 /* Pods */ = {
			isa = PBXGroup;
			children = (
				65C844AB0A2B9C5E4B8B8B65 /* Pods-StreamChatIntegration-XC-CocoaPods.debug.xcconfig */,
				16670F33D7FAB28812A0BB07 /* Pods-StreamChatIntegration-XC-CocoaPods.release.xcconfig */,
			);
			path = Pods;
			sourceTree = "<group>";
		};
/* End PBXGroup section */

/* Begin PBXNativeTarget section */
		A368F916276CE171006A9A50 /* StreamChatIntegration-XC-CocoaPods */ = {
			isa = PBXNativeTarget;
			buildConfigurationList = A368F92B276CE171006A9A50 /* Build configuration list for PBXNativeTarget "StreamChatIntegration-XC-CocoaPods" */;
			buildPhases = (
				FCFD13C304D5BF08BF4EF02C /* [CP] Check Pods Manifest.lock */,
				A368F913276CE171006A9A50 /* Sources */,
				A368F914276CE171006A9A50 /* Frameworks */,
				A368F915276CE171006A9A50 /* Resources */,
				1054C546EE1641B6C65D9E63 /* [CP] Embed Pods Frameworks */,
			);
			buildRules = (
			);
			dependencies = (
			);
			name = "StreamChatIntegration-XC-CocoaPods";
			productName = "StreamChatIntegration-XC-CocoaPods";
			productReference = A368F917276CE171006A9A50 /* StreamChatIntegration-XC-CocoaPods.app */;
			productType = "com.apple.product-type.application";
		};
/* End PBXNativeTarget section */

/* Begin PBXProject section */
		A368F90F276CE171006A9A50 /* Project object */ = {
			isa = PBXProject;
			attributes = {
				BuildIndependentTargetsInParallel = 1;
				LastSwiftUpdateCheck = 1320;
				LastUpgradeCheck = 1320;
				TargetAttributes = {
					A368F916276CE171006A9A50 = {
						CreatedOnToolsVersion = 13.2;
					};
				};
			};
			buildConfigurationList = A368F912276CE171006A9A50 /* Build configuration list for PBXProject "StreamChatIntegration-XC-CocoaPods" */;
			compatibilityVersion = "Xcode 13.0";
			developmentRegion = en;
			hasScannedForEncodings = 0;
			knownRegions = (
				en,
				Base,
			);
			mainGroup = A368F90E276CE171006A9A50;
			productRefGroup = A368F918276CE171006A9A50 /* Products */;
			projectDirPath = "";
			projectRoot = "";
			targets = (
				A368F916276CE171006A9A50 /* StreamChatIntegration-XC-CocoaPods */,
			);
		};
/* End PBXProject section */

/* Begin PBXResourcesBuildPhase section */
		A368F915276CE171006A9A50 /* Resources */ = {
			isa = PBXResourcesBuildPhase;
			buildActionMask = 2147483647;
			files = (
				A368F979276CE3B3006A9A50 /* Assets.xcassets in Resources */,
				A368F97B276CE3B3006A9A50 /* LaunchScreen.storyboard in Resources */,
			);
			runOnlyForDeploymentPostprocessing = 0;
		};
/* End PBXResourcesBuildPhase section */

/* Begin PBXShellScriptBuildPhase section */
		1054C546EE1641B6C65D9E63 /* [CP] Embed Pods Frameworks */ = {
			isa = PBXShellScriptBuildPhase;
			buildActionMask = 2147483647;
			files = (
			);
			inputFileListPaths = (
				"${PODS_ROOT}/Target Support Files/Pods-StreamChatIntegration-XC-CocoaPods/Pods-StreamChatIntegration-XC-CocoaPods-frameworks-${CONFIGURATION}-input-files.xcfilelist",
			);
			name = "[CP] Embed Pods Frameworks";
			outputFileListPaths = (
				"${PODS_ROOT}/Target Support Files/Pods-StreamChatIntegration-XC-CocoaPods/Pods-StreamChatIntegration-XC-CocoaPods-frameworks-${CONFIGURATION}-output-files.xcfilelist",
			);
			runOnlyForDeploymentPostprocessing = 0;
			shellPath = /bin/sh;
			shellScript = "\"${PODS_ROOT}/Target Support Files/Pods-StreamChatIntegration-XC-CocoaPods/Pods-StreamChatIntegration-XC-CocoaPods-frameworks.sh\"\n";
			showEnvVarsInLog = 0;
		};
		FCFD13C304D5BF08BF4EF02C /* [CP] Check Pods Manifest.lock */ = {
			isa = PBXShellScriptBuildPhase;
			buildActionMask = 2147483647;
			files = (
			);
			inputFileListPaths = (
			);
			inputPaths = (
				"${PODS_PODFILE_DIR_PATH}/Podfile.lock",
				"${PODS_ROOT}/Manifest.lock",
			);
			name = "[CP] Check Pods Manifest.lock";
			outputFileListPaths = (
			);
			outputPaths = (
				"$(DERIVED_FILE_DIR)/Pods-StreamChatIntegration-XC-CocoaPods-checkManifestLockResult.txt",
			);
			runOnlyForDeploymentPostprocessing = 0;
			shellPath = /bin/sh;
			shellScript = "diff \"${PODS_PODFILE_DIR_PATH}/Podfile.lock\" \"${PODS_ROOT}/Manifest.lock\" > /dev/null\nif [ $? != 0 ] ; then\n    # print error to STDERR\n    echo \"error: The sandbox is not in sync with the Podfile.lock. Run 'pod install' or update your CocoaPods installation.\" >&2\n    exit 1\nfi\n# This output is used by Xcode 'outputs' to avoid re-running this script phase.\necho \"SUCCESS\" > \"${SCRIPT_OUTPUT_FILE_0}\"\n";
			showEnvVarsInLog = 0;
		};
/* End PBXShellScriptBuildPhase section */

/* Begin PBXSourcesBuildPhase section */
		A368F913276CE171006A9A50 /* Sources */ = {
			isa = PBXSourcesBuildPhase;
			buildActionMask = 2147483647;
			files = (
				A368F97C276CE3B3006A9A50 /* AppDelegate.swift in Sources */,
				A368F977276CE3B3006A9A50 /* ChannelListVC.swift in Sources */,
				A368F978276CE3B3006A9A50 /* ChatClient+shared.swift in Sources */,
				A368F97A276CE3B3006A9A50 /* User.swift in Sources */,
			);
			runOnlyForDeploymentPostprocessing = 0;
		};
/* End PBXSourcesBuildPhase section */

/* Begin PBXVariantGroup section */
		A368F973276CE3B3006A9A50 /* LaunchScreen.storyboard */ = {
			isa = PBXVariantGroup;
			children = (
				A368F974276CE3B3006A9A50 /* Base */,
			);
			name = LaunchScreen.storyboard;
			sourceTree = "<group>";
		};
/* End PBXVariantGroup section */

/* Begin XCBuildConfiguration section */
		A368F929276CE171006A9A50 /* Debug */ = {
			isa = XCBuildConfiguration;
			buildSettings = {
				ALWAYS_SEARCH_USER_PATHS = NO;
				CLANG_ANALYZER_NONNULL = YES;
				CLANG_ANALYZER_NUMBER_OBJECT_CONVERSION = YES_AGGRESSIVE;
				CLANG_CXX_LANGUAGE_STANDARD = "gnu++17";
				CLANG_CXX_LIBRARY = "libc++";
				CLANG_ENABLE_MODULES = YES;
				CLANG_ENABLE_OBJC_ARC = YES;
				CLANG_ENABLE_OBJC_WEAK = YES;
				CLANG_WARN_BLOCK_CAPTURE_AUTORELEASING = YES;
				CLANG_WARN_BOOL_CONVERSION = YES;
				CLANG_WARN_COMMA = YES;
				CLANG_WARN_CONSTANT_CONVERSION = YES;
				CLANG_WARN_DEPRECATED_OBJC_IMPLEMENTATIONS = YES;
				CLANG_WARN_DIRECT_OBJC_ISA_USAGE = YES_ERROR;
				CLANG_WARN_DOCUMENTATION_COMMENTS = YES;
				CLANG_WARN_EMPTY_BODY = YES;
				CLANG_WARN_ENUM_CONVERSION = YES;
				CLANG_WARN_INFINITE_RECURSION = YES;
				CLANG_WARN_INT_CONVERSION = YES;
				CLANG_WARN_NON_LITERAL_NULL_CONVERSION = YES;
				CLANG_WARN_OBJC_IMPLICIT_RETAIN_SELF = YES;
				CLANG_WARN_OBJC_LITERAL_CONVERSION = YES;
				CLANG_WARN_OBJC_ROOT_CLASS = YES_ERROR;
				CLANG_WARN_QUOTED_INCLUDE_IN_FRAMEWORK_HEADER = YES;
				CLANG_WARN_RANGE_LOOP_ANALYSIS = YES;
				CLANG_WARN_STRICT_PROTOTYPES = YES;
				CLANG_WARN_SUSPICIOUS_MOVE = YES;
				CLANG_WARN_UNGUARDED_AVAILABILITY = YES_AGGRESSIVE;
				CLANG_WARN_UNREACHABLE_CODE = YES;
				CLANG_WARN__DUPLICATE_METHOD_MATCH = YES;
				COPY_PHASE_STRIP = NO;
				DEBUG_INFORMATION_FORMAT = dwarf;
				ENABLE_STRICT_OBJC_MSGSEND = YES;
				ENABLE_TESTABILITY = YES;
				GCC_C_LANGUAGE_STANDARD = gnu11;
				GCC_DYNAMIC_NO_PIC = NO;
				GCC_NO_COMMON_BLOCKS = YES;
				GCC_OPTIMIZATION_LEVEL = 0;
				GCC_PREPROCESSOR_DEFINITIONS = (
					"DEBUG=1",
					"$(inherited)",
				);
				GCC_WARN_64_TO_32_BIT_CONVERSION = YES;
				GCC_WARN_ABOUT_RETURN_TYPE = YES_ERROR;
				GCC_WARN_UNDECLARED_SELECTOR = YES;
				GCC_WARN_UNINITIALIZED_AUTOS = YES_AGGRESSIVE;
				GCC_WARN_UNUSED_FUNCTION = YES;
				GCC_WARN_UNUSED_VARIABLE = YES;
				IPHONEOS_DEPLOYMENT_TARGET = 15.2;
				MTL_ENABLE_DEBUG_INFO = INCLUDE_SOURCE;
				MTL_FAST_MATH = YES;
				ONLY_ACTIVE_ARCH = YES;
				SDKROOT = iphoneos;
				SWIFT_ACTIVE_COMPILATION_CONDITIONS = DEBUG;
				SWIFT_OPTIMIZATION_LEVEL = "-Onone";
			};
			name = Debug;
		};
		A368F92A276CE171006A9A50 /* Release */ = {
			isa = XCBuildConfiguration;
			buildSettings = {
				ALWAYS_SEARCH_USER_PATHS = NO;
				CLANG_ANALYZER_NONNULL = YES;
				CLANG_ANALYZER_NUMBER_OBJECT_CONVERSION = YES_AGGRESSIVE;
				CLANG_CXX_LANGUAGE_STANDARD = "gnu++17";
				CLANG_CXX_LIBRARY = "libc++";
				CLANG_ENABLE_MODULES = YES;
				CLANG_ENABLE_OBJC_ARC = YES;
				CLANG_ENABLE_OBJC_WEAK = YES;
				CLANG_WARN_BLOCK_CAPTURE_AUTORELEASING = YES;
				CLANG_WARN_BOOL_CONVERSION = YES;
				CLANG_WARN_COMMA = YES;
				CLANG_WARN_CONSTANT_CONVERSION = YES;
				CLANG_WARN_DEPRECATED_OBJC_IMPLEMENTATIONS = YES;
				CLANG_WARN_DIRECT_OBJC_ISA_USAGE = YES_ERROR;
				CLANG_WARN_DOCUMENTATION_COMMENTS = YES;
				CLANG_WARN_EMPTY_BODY = YES;
				CLANG_WARN_ENUM_CONVERSION = YES;
				CLANG_WARN_INFINITE_RECURSION = YES;
				CLANG_WARN_INT_CONVERSION = YES;
				CLANG_WARN_NON_LITERAL_NULL_CONVERSION = YES;
				CLANG_WARN_OBJC_IMPLICIT_RETAIN_SELF = YES;
				CLANG_WARN_OBJC_LITERAL_CONVERSION = YES;
				CLANG_WARN_OBJC_ROOT_CLASS = YES_ERROR;
				CLANG_WARN_QUOTED_INCLUDE_IN_FRAMEWORK_HEADER = YES;
				CLANG_WARN_RANGE_LOOP_ANALYSIS = YES;
				CLANG_WARN_STRICT_PROTOTYPES = YES;
				CLANG_WARN_SUSPICIOUS_MOVE = YES;
				CLANG_WARN_UNGUARDED_AVAILABILITY = YES_AGGRESSIVE;
				CLANG_WARN_UNREACHABLE_CODE = YES;
				CLANG_WARN__DUPLICATE_METHOD_MATCH = YES;
				COPY_PHASE_STRIP = NO;
				DEBUG_INFORMATION_FORMAT = "dwarf-with-dsym";
				ENABLE_NS_ASSERTIONS = NO;
				ENABLE_STRICT_OBJC_MSGSEND = YES;
				GCC_C_LANGUAGE_STANDARD = gnu11;
				GCC_NO_COMMON_BLOCKS = YES;
				GCC_WARN_64_TO_32_BIT_CONVERSION = YES;
				GCC_WARN_ABOUT_RETURN_TYPE = YES_ERROR;
				GCC_WARN_UNDECLARED_SELECTOR = YES;
				GCC_WARN_UNINITIALIZED_AUTOS = YES_AGGRESSIVE;
				GCC_WARN_UNUSED_FUNCTION = YES;
				GCC_WARN_UNUSED_VARIABLE = YES;
				IPHONEOS_DEPLOYMENT_TARGET = 15.2;
				MTL_ENABLE_DEBUG_INFO = NO;
				MTL_FAST_MATH = YES;
				SDKROOT = iphoneos;
				SWIFT_COMPILATION_MODE = wholemodule;
				SWIFT_OPTIMIZATION_LEVEL = "-O";
				VALIDATE_PRODUCT = YES;
			};
			name = Release;
		};
		A368F92C276CE171006A9A50 /* Debug */ = {
			isa = XCBuildConfiguration;
			baseConfigurationReference = 65C844AB0A2B9C5E4B8B8B65 /* Pods-StreamChatIntegration-XC-CocoaPods.debug.xcconfig */;
			buildSettings = {
				ASSETCATALOG_COMPILER_APPICON_NAME = AppIcon;
				ASSETCATALOG_COMPILER_GLOBAL_ACCENT_COLOR_NAME = AccentColor;
				CODE_SIGN_STYLE = Automatic;
				CURRENT_PROJECT_VERSION = 1;
				DEVELOPMENT_TEAM = EHV7XZLAHA;
				GENERATE_INFOPLIST_FILE = YES;
				INFOPLIST_FILE = ../StreamChatIntegrationSource/Info.plist;
				INFOPLIST_KEY_UIApplicationSupportsIndirectInputEvents = YES;
				INFOPLIST_KEY_UILaunchStoryboardName = LaunchScreen;
				INFOPLIST_KEY_UISupportedInterfaceOrientations_iPad = "UIInterfaceOrientationPortrait UIInterfaceOrientationPortraitUpsideDown UIInterfaceOrientationLandscapeLeft UIInterfaceOrientationLandscapeRight";
				INFOPLIST_KEY_UISupportedInterfaceOrientations_iPhone = "UIInterfaceOrientationPortrait UIInterfaceOrientationLandscapeLeft UIInterfaceOrientationLandscapeRight";
				IPHONEOS_DEPLOYMENT_TARGET = 11.0;
				LD_RUNPATH_SEARCH_PATHS = (
					"$(inherited)",
					"@executable_path/Frameworks",
				);
				MARKETING_VERSION = 1.0;
				PRODUCT_BUNDLE_IDENTIFIER = "io.getstream.iOS.StreamChatIntegration-Carthage.StreamChatIntegration-XC-CocoaPods";
				PRODUCT_NAME = "$(TARGET_NAME)";
				SWIFT_EMIT_LOC_STRINGS = YES;
				SWIFT_VERSION = 5.0;
				TARGETED_DEVICE_FAMILY = "1,2";
			};
			name = Debug;
		};
		A368F92D276CE171006A9A50 /* Release */ = {
			isa = XCBuildConfiguration;
			baseConfigurationReference = 16670F33D7FAB28812A0BB07 /* Pods-StreamChatIntegration-XC-CocoaPods.release.xcconfig */;
			buildSettings = {
				ASSETCATALOG_COMPILER_APPICON_NAME = AppIcon;
				ASSETCATALOG_COMPILER_GLOBAL_ACCENT_COLOR_NAME = AccentColor;
				CODE_SIGN_STYLE = Automatic;
				CURRENT_PROJECT_VERSION = 1;
				DEVELOPMENT_TEAM = EHV7XZLAHA;
				GENERATE_INFOPLIST_FILE = YES;
				INFOPLIST_FILE = ../StreamChatIntegrationSource/Info.plist;
				INFOPLIST_KEY_UIApplicationSupportsIndirectInputEvents = YES;
				INFOPLIST_KEY_UILaunchStoryboardName = LaunchScreen;
				INFOPLIST_KEY_UISupportedInterfaceOrientations_iPad = "UIInterfaceOrientationPortrait UIInterfaceOrientationPortraitUpsideDown UIInterfaceOrientationLandscapeLeft UIInterfaceOrientationLandscapeRight";
				INFOPLIST_KEY_UISupportedInterfaceOrientations_iPhone = "UIInterfaceOrientationPortrait UIInterfaceOrientationLandscapeLeft UIInterfaceOrientationLandscapeRight";
				IPHONEOS_DEPLOYMENT_TARGET = 11.0;
				LD_RUNPATH_SEARCH_PATHS = (
					"$(inherited)",
					"@executable_path/Frameworks",
				);
				MARKETING_VERSION = 1.0;
				PRODUCT_BUNDLE_IDENTIFIER = "io.getstream.iOS.StreamChatIntegration-Carthage.StreamChatIntegration-XC-CocoaPods";
				PRODUCT_NAME = "$(TARGET_NAME)";
				SWIFT_EMIT_LOC_STRINGS = YES;
				SWIFT_VERSION = 5.0;
				TARGETED_DEVICE_FAMILY = "1,2";
			};
			name = Release;
		};
/* End XCBuildConfiguration section */

/* Begin XCConfigurationList section */
		A368F912276CE171006A9A50 /* Build configuration list for PBXProject "StreamChatIntegration-XC-CocoaPods" */ = {
			isa = XCConfigurationList;
			buildConfigurations = (
				A368F929276CE171006A9A50 /* Debug */,
				A368F92A276CE171006A9A50 /* Release */,
			);
			defaultConfigurationIsVisible = 0;
			defaultConfigurationName = Release;
		};
		A368F92B276CE171006A9A50 /* Build configuration list for PBXNativeTarget "StreamChatIntegration-XC-CocoaPods" */ = {
			isa = XCConfigurationList;
			buildConfigurations = (
				A368F92C276CE171006A9A50 /* Debug */,
				A368F92D276CE171006A9A50 /* Release */,
			);
			defaultConfigurationIsVisible = 0;
			defaultConfigurationName = Release;
		};
/* End XCConfigurationList section */
	};
	rootObject = A368F90F276CE171006A9A50 /* Project object */;
}
