PODS:
  - StreamChat-XCFramework (4.15.1)
  - StreamChatUI-XCFramework (4.15.1):
    - StreamChat-XCFramework (= 4.15.1)

DEPENDENCIES:
  - StreamChatUI-XCFramework

SPEC REPOS:
  trunk:
    - StreamChat-XCFramework
    - StreamChatUI-XCFramework

SPEC CHECKSUMS:
  StreamChat-XCFramework: f8cf8a3e5aef3df037933db853a483cbf971391d
  StreamChatUI-XCFramework: 7d807de145ac8560b79f75317a175c5e55d03f94

PODFILE CHECKSUM: 0d5f7b6ba638150cc666757002db9b3cb980eaac

COCOAPODS: 1.11.2
