PODS:
  - StreamChat-XCFramework (4.16.0)
  - StreamChatUI-XCFramework (4.16.0):
    - StreamChat-XCFramework (= 4.16.0)

DEPENDENCIES:
  - StreamChatUI-XCFramework

SPEC REPOS:
  trunk:
    - StreamChat-XCFramework
    - StreamChatUI-XCFramework

SPEC CHECKSUMS:
  StreamChat-XCFramework: 3d942faea5a6098e17ea0cbfcbd15da1bfa7323d
  StreamChatUI-XCFramework: d370a242deeb22e25696c5e59ff6ec20ef6b6031

PODFILE CHECKSUM: 0d5f7b6ba638150cc666757002db9b3cb980eaac

COCOAPODS: 1.11.2
