PODS:
  - StreamChat-XCFramework (4.35.1)
  - StreamChatUI-XCFramework (4.35.1):
    - StreamChat-XCFramework (= 4.35.1)

DEPENDENCIES:
  - StreamChatUI-XCFramework (= 4.35.1)

SPEC REPOS:
  trunk:
    - StreamChat-XCFramework
    - StreamChatUI-XCFramework

SPEC CHECKSUMS:
  StreamChat-XCFramework: 82d455f7495566d2c5ece77528affaf3ae2d3bd0
  StreamChatUI-XCFramework: ea0ed5dc8498675b19b4a74f54d2aa83d246d464

PODFILE CHECKSUM: a7ea1d7d73d42747cd9cec650063fc2afa26f719

COCOAPODS: 1.12.1
